// !$*UTF8*$!
{
	archiveVersion = 1;
	classes = {
	};
	objectVersion = 46;
	objects = {

/* Begin PBXBuildFile section */
		D200DB86160284D50035C4F4 /* CoreData.framework in Frameworks */ = {isa = PBXBuildFile; fileRef = D200DB85160284D50035C4F4 /* CoreData.framework */; };
		D200DBFE1605DFDA0035C4F4 /* Reminders.xcdatamodeld in Sources */ = {isa = PBXBuildFile; fileRef = D200DBFC1605DFDA0035C4F4 /* Reminders.xcdatamodeld */; };
		D200DC011605E6BA0035C4F4 /* Reminders.m in Sources */ = {isa = PBXBuildFile; fileRef = D200DC001605E6BA0035C4F4 /* Reminders.m */; };
		D21D13A915F9428800549CB4 /* red_button.png in Resources */ = {isa = PBXBuildFile; fileRef = D21D13A815F9428800549CB4 /* red_button.png */; };
		D21D13AD15F943A900549CB4 /* delete_icon.png in Resources */ = {isa = PBXBuildFile; fileRef = D21D13AC15F943A900549CB4 /* delete_icon.png */; };
		D21D13AF15F9441400549CB4 /* grey_button.png in Resources */ = {isa = PBXBuildFile; fileRef = D21D13AE15F9441400549CB4 /* grey_button.png */; };
		D22579CB161DD1630082BEC7 /* AVFoundation.framework in Frameworks */ = {isa = PBXBuildFile; fileRef = D22579CA161DD1630082BEC7 /* AVFoundation.framework */; };
		D28D976A161C7D4B00B1BC8F /* flo_rida-blow_my_whistle.m4r in Resources */ = {isa = PBXBuildFile; fileRef = D28D9767161C7D4B00B1BC8F /* flo_rida-blow_my_whistle.m4r */; };
		D28D976B161C7D4B00B1BC8F /* Maroon_5-Payphone.m4r in Resources */ = {isa = PBXBuildFile; fileRef = D28D9768161C7D4B00B1BC8F /* Maroon_5-Payphone.m4r */; };
		D28D976C161C7D4B00B1BC8F /* psy-gangnam_style.m4r in Resources */ = {isa = PBXBuildFile; fileRef = D28D9769161C7D4B00B1BC8F /* psy-gangnam_style.m4r */; };
		D2B065EB1618E41900412313 /* Settings.m in Sources */ = {isa = PBXBuildFile; fileRef = D2B065EA1618E41900412313 /* Settings.m */; };
		D2C36B8815F3DAEB00A91EC4 /* Default.png in Resources */ = {isa = PBXBuildFile; fileRef = D2C36B8715F3DAEB00A91EC4 /* Default.png */; };
		D2C36B8B15F3DC8900A91EC4 /* Default@2x.png in Resources */ = {isa = PBXBuildFile; fileRef = D2C36B8A15F3DC8900A91EC4 /* Default@2x.png */; };
		D2C36BCF15F530F600A91EC4 /* frequency.png in Resources */ = {isa = PBXBuildFile; fileRef = D2C36BCE15F530F600A91EC4 /* frequency.png */; };
		D2C36BD315F5331300A91EC4 /* clock_user.png in Resources */ = {isa = PBXBuildFile; fileRef = D2C36BD215F5331300A91EC4 /* clock_user.png */; };
		D2CF6E6815F16EA200EC6589 /* UIKit.framework in Frameworks */ = {isa = PBXBuildFile; fileRef = D2CF6E6715F16EA200EC6589 /* UIKit.framework */; };
		D2CF6E6A15F16EA200EC6589 /* Foundation.framework in Frameworks */ = {isa = PBXBuildFile; fileRef = D2CF6E6915F16EA200EC6589 /* Foundation.framework */; };
		D2CF6E6C15F16EA200EC6589 /* CoreGraphics.framework in Frameworks */ = {isa = PBXBuildFile; fileRef = D2CF6E6B15F16EA200EC6589 /* CoreGraphics.framework */; };
		D2CF6E7215F16EA200EC6589 /* InfoPlist.strings in Resources */ = {isa = PBXBuildFile; fileRef = D2CF6E7015F16EA200EC6589 /* InfoPlist.strings */; };
		D2CF6E7415F16EA200EC6589 /* main.m in Sources */ = {isa = PBXBuildFile; fileRef = D2CF6E7315F16EA200EC6589 /* main.m */; };
		D2CF6E7815F16EA200EC6589 /* AppDelegate.m in Sources */ = {isa = PBXBuildFile; fileRef = D2CF6E7715F16EA200EC6589 /* AppDelegate.m */; };
		D2CF6E7E15F16EA200EC6589 /* DetailViewController.m in Sources */ = {isa = PBXBuildFile; fileRef = D2CF6E7D15F16EA200EC6589 /* DetailViewController.m */; };
		D2CF6E8115F16EA200EC6589 /* MasterViewController.xib in Resources */ = {isa = PBXBuildFile; fileRef = D2CF6E7F15F16EA200EC6589 /* MasterViewController.xib */; };
		D2CF6E8415F16EA200EC6589 /* DetailViewController.xib in Resources */ = {isa = PBXBuildFile; fileRef = D2CF6E8215F16EA200EC6589 /* DetailViewController.xib */; };
		D2CF6E9015F16F4600EC6589 /* contact.png in Resources */ = {isa = PBXBuildFile; fileRef = D2CF6E8C15F16F4600EC6589 /* contact.png */; };
		D2CF6E9115F16F4600EC6589 /* settings.png in Resources */ = {isa = PBXBuildFile; fileRef = D2CF6E8D15F16F4600EC6589 /* settings.png */; };
		D2CF6E9515F1828700EC6589 /* GlobalSettings.m in Sources */ = {isa = PBXBuildFile; fileRef = D2CF6E9415F1828700EC6589 /* GlobalSettings.m */; };
		D2CF6EA815F19D5C00EC6589 /* DDBadgeViewCell.m in Sources */ = {isa = PBXBuildFile; fileRef = D2CF6EA715F19D5C00EC6589 /* DDBadgeViewCell.m */; };
		D2CF6EB015F2136900EC6589 /* Stripe.png in Resources */ = {isa = PBXBuildFile; fileRef = D2CF6EAF15F2136900EC6589 /* Stripe.png */; };
		D2CF6EC515F219FE00EC6589 /* denim_@2X.png in Resources */ = {isa = PBXBuildFile; fileRef = D2CF6EC315F219FE00EC6589 /* denim_@2X.png */; };
		D2CF6EC615F219FE00EC6589 /* denim.png in Resources */ = {isa = PBXBuildFile; fileRef = D2CF6EC415F219FE00EC6589 /* denim.png */; };
		D2CF6EC815F2284D00EC6589 /* MasterViewController.m in Sources */ = {isa = PBXBuildFile; fileRef = D2CF6EC715F2284D00EC6589 /* MasterViewController.m */; };
		D2CF6ECC15F22A4600EC6589 /* user.png in Resources */ = {isa = PBXBuildFile; fileRef = D2CF6ECB15F22A4600EC6589 /* user.png */; };
		D2CF6ED415F23A7100EC6589 /* SettingsViewController.m in Sources */ = {isa = PBXBuildFile; fileRef = D2CF6ED215F23A7000EC6589 /* SettingsViewController.m */; };
		D2CF6ED515F23A7100EC6589 /* SettingsViewController.xib in Resources */ = {isa = PBXBuildFile; fileRef = D2CF6ED315F23A7100EC6589 /* SettingsViewController.xib */; };
		D2CF6EDA15F2B14100EC6589 /* AddressBook.framework in Frameworks */ = {isa = PBXBuildFile; fileRef = D2CF6ED815F2B14000EC6589 /* AddressBook.framework */; };
		D2CF6EDB15F2B14100EC6589 /* AddressBookUI.framework in Frameworks */ = {isa = PBXBuildFile; fileRef = D2CF6ED915F2B14100EC6589 /* AddressBookUI.framework */; };
		D2CF6EDD15F35E4400EC6589 /* alarm.png in Resources */ = {isa = PBXBuildFile; fileRef = D2CF6EDC15F35E4400EC6589 /* alarm.png */; };
		D2CF6EDF15F35F5400EC6589 /* music.png in Resources */ = {isa = PBXBuildFile; fileRef = D2CF6EDE15F35F5400EC6589 /* music.png */; };
		D2CF6EF615F3689900EC6589 /* button_back_textured_24.png in Resources */ = {isa = PBXBuildFile; fileRef = D2CF6EF215F3689900EC6589 /* button_back_textured_24.png */; };
		D2CF6EF715F3689900EC6589 /* button_back_textured_30.png in Resources */ = {isa = PBXBuildFile; fileRef = D2CF6EF315F3689900EC6589 /* button_back_textured_30.png */; };
		D2CF6EF815F3689900EC6589 /* button_textured_24.png in Resources */ = {isa = PBXBuildFile; fileRef = D2CF6EF415F3689900EC6589 /* button_textured_24.png */; };
		D2CF6EF915F3689900EC6589 /* button_textured_30.png in Resources */ = {isa = PBXBuildFile; fileRef = D2CF6EF515F3689900EC6589 /* button_textured_30.png */; };
		D2CF6F1015F3806800EC6589 /* Icon.png in Resources */ = {isa = PBXBuildFile; fileRef = D2CF6F0F15F3806700EC6589 /* Icon.png */; };
		D2CF6F1215F380C800EC6589 /* Icon@2x.png in Resources */ = {isa = PBXBuildFile; fileRef = D2CF6F1115F380C800EC6589 /* Icon@2x.png */; };
		D2CF6F1F15F3819C00EC6589 /* Icon-72.png in Resources */ = {isa = PBXBuildFile; fileRef = D2CF6F1715F3819B00EC6589 /* Icon-72.png */; };
		D2CF6F2015F3819C00EC6589 /* Icon-72@2x.png in Resources */ = {isa = PBXBuildFile; fileRef = D2CF6F1815F3819B00EC6589 /* Icon-72@2x.png */; };
		D2CF6F2115F3819C00EC6589 /* Icon-Small-50.png in Resources */ = {isa = PBXBuildFile; fileRef = D2CF6F1915F3819C00EC6589 /* Icon-Small-50.png */; };
		D2CF6F2215F3819C00EC6589 /* Icon-Small-50@2x.png in Resources */ = {isa = PBXBuildFile; fileRef = D2CF6F1A15F3819C00EC6589 /* Icon-Small-50@2x.png */; };
		D2CF6F2315F3819C00EC6589 /* Icon-Small.png in Resources */ = {isa = PBXBuildFile; fileRef = D2CF6F1B15F3819C00EC6589 /* Icon-Small.png */; };
		D2CF6F2415F3819C00EC6589 /* Icon-Small@2x.png in Resources */ = {isa = PBXBuildFile; fileRef = D2CF6F1C15F3819C00EC6589 /* Icon-Small@2x.png */; };
		D2CF6F2515F3819C00EC6589 /* iTunesArtwork.png in Resources */ = {isa = PBXBuildFile; fileRef = D2CF6F1D15F3819C00EC6589 /* iTunesArtwork.png */; };
		D2CF6F2615F3819C00EC6589 /* iTunesArtwork@2x.png in Resources */ = {isa = PBXBuildFile; fileRef = D2CF6F1E15F3819C00EC6589 /* iTunesArtwork@2x.png */; };
		D2E5D634161C876900BED09E /* play-icon.png in Resources */ = {isa = PBXBuildFile; fileRef = D2E5D632161C876900BED09E /* play-icon.png */; };
		D2E5D635161C876900BED09E /* stop-icon.png in Resources */ = {isa = PBXBuildFile; fileRef = D2E5D633161C876900BED09E /* stop-icon.png */; };
		D2F2795B161396CC003DADEC /* snooze.png in Resources */ = {isa = PBXBuildFile; fileRef = D2F2795A161396CC003DADEC /* snooze.png */; };
		D2F2796916187A38003DADEC /* settingDetailViewController.m in Sources */ = {isa = PBXBuildFile; fileRef = D2F2796716187A38003DADEC /* settingDetailViewController.m */; };
		D2F2796A16187A38003DADEC /* settingDetailViewController.xib in Resources */ = {isa = PBXBuildFile; fileRef = D2F2796816187A38003DADEC /* settingDetailViewController.xib */; };
/* End PBXBuildFile section */

/* Begin PBXFileReference section */
		D200DB85160284D50035C4F4 /* CoreData.framework */ = {isa = PBXFileReference; lastKnownFileType = wrapper.framework; name = CoreData.framework; path = System/Library/Frameworks/CoreData.framework; sourceTree = SDKROOT; };
		D200DBFD1605DFDA0035C4F4 /* Reminders.xcdatamodel */ = {isa = PBXFileReference; lastKnownFileType = wrapper.xcdatamodel; path = Reminders.xcdatamodel; sourceTree = "<group>"; };
		D200DBFF1605E6BA0035C4F4 /* Reminders.h */ = {isa = PBXFileReference; fileEncoding = 4; lastKnownFileType = sourcecode.c.h; name = Reminders.h; path = ../Reminders.h; sourceTree = "<group>"; };
		D200DC001605E6BA0035C4F4 /* Reminders.m */ = {isa = PBXFileReference; fileEncoding = 4; lastKnownFileType = sourcecode.c.objc; name = Reminders.m; path = ../Reminders.m; sourceTree = "<group>"; };
		D21D13A815F9428800549CB4 /* red_button.png */ = {isa = PBXFileReference; lastKnownFileType = image.png; path = red_button.png; sourceTree = "<group>"; };
		D21D13AC15F943A900549CB4 /* delete_icon.png */ = {isa = PBXFileReference; lastKnownFileType = image.png; path = delete_icon.png; sourceTree = "<group>"; };
		D21D13AE15F9441400549CB4 /* grey_button.png */ = {isa = PBXFileReference; lastKnownFileType = image.png; path = grey_button.png; sourceTree = "<group>"; };
		D22579CA161DD1630082BEC7 /* AVFoundation.framework */ = {isa = PBXFileReference; lastKnownFileType = wrapper.framework; name = AVFoundation.framework; path = System/Library/Frameworks/AVFoundation.framework; sourceTree = SDKROOT; };
		D28D9767161C7D4B00B1BC8F /* flo_rida-blow_my_whistle.m4r */ = {isa = PBXFileReference; lastKnownFileType = file; path = "flo_rida-blow_my_whistle.m4r"; sourceTree = "<group>"; };
		D28D9768161C7D4B00B1BC8F /* Maroon_5-Payphone.m4r */ = {isa = PBXFileReference; lastKnownFileType = file; path = "Maroon_5-Payphone.m4r"; sourceTree = "<group>"; };
		D28D9769161C7D4B00B1BC8F /* psy-gangnam_style.m4r */ = {isa = PBXFileReference; lastKnownFileType = file; path = "psy-gangnam_style.m4r"; sourceTree = "<group>"; };
		D2A6BF311601FCF200B586B9 /* libsqlite3.dylib */ = {isa = PBXFileReference; lastKnownFileType = "compiled.mach-o.dylib"; name = libsqlite3.dylib; path = usr/lib/libsqlite3.dylib; sourceTree = SDKROOT; };
		D2B065E91618E41900412313 /* Settings.h */ = {isa = PBXFileReference; fileEncoding = 4; lastKnownFileType = sourcecode.c.h; path = Settings.h; sourceTree = "<group>"; };
		D2B065EA1618E41900412313 /* Settings.m */ = {isa = PBXFileReference; fileEncoding = 4; lastKnownFileType = sourcecode.c.objc; path = Settings.m; sourceTree = "<group>"; };
		D2C36B8715F3DAEB00A91EC4 /* Default.png */ = {isa = PBXFileReference; lastKnownFileType = image.png; path = Default.png; sourceTree = "<group>"; };
		D2C36B8A15F3DC8900A91EC4 /* Default@2x.png */ = {isa = PBXFileReference; lastKnownFileType = image.png; path = "Default@2x.png"; sourceTree = "<group>"; };
		D2C36BCE15F530F600A91EC4 /* frequency.png */ = {isa = PBXFileReference; lastKnownFileType = image.png; path = frequency.png; sourceTree = "<group>"; };
		D2C36BD215F5331300A91EC4 /* clock_user.png */ = {isa = PBXFileReference; lastKnownFileType = image.png; path = clock_user.png; sourceTree = "<group>"; };
		D2CF6E6315F16EA200EC6589 /* Rmndrs.app */ = {isa = PBXFileReference; explicitFileType = wrapper.application; includeInIndex = 0; path = Rmndrs.app; sourceTree = BUILT_PRODUCTS_DIR; };
		D2CF6E6715F16EA200EC6589 /* UIKit.framework */ = {isa = PBXFileReference; lastKnownFileType = wrapper.framework; name = UIKit.framework; path = System/Library/Frameworks/UIKit.framework; sourceTree = SDKROOT; };
		D2CF6E6915F16EA200EC6589 /* Foundation.framework */ = {isa = PBXFileReference; lastKnownFileType = wrapper.framework; name = Foundation.framework; path = System/Library/Frameworks/Foundation.framework; sourceTree = SDKROOT; };
		D2CF6E6B15F16EA200EC6589 /* CoreGraphics.framework */ = {isa = PBXFileReference; lastKnownFileType = wrapper.framework; name = CoreGraphics.framework; path = System/Library/Frameworks/CoreGraphics.framework; sourceTree = SDKROOT; };
		D2CF6E6F15F16EA200EC6589 /* Rmndrs-Info.plist */ = {isa = PBXFileReference; lastKnownFileType = text.plist.xml; path = "Rmndrs-Info.plist"; sourceTree = "<group>"; };
		D2CF6E7115F16EA200EC6589 /* en */ = {isa = PBXFileReference; lastKnownFileType = text.plist.strings; name = en; path = en.lproj/InfoPlist.strings; sourceTree = "<group>"; };
		D2CF6E7315F16EA200EC6589 /* main.m */ = {isa = PBXFileReference; lastKnownFileType = sourcecode.c.objc; path = main.m; sourceTree = "<group>"; };
		D2CF6E7515F16EA200EC6589 /* Rmndrs-Prefix.pch */ = {isa = PBXFileReference; lastKnownFileType = sourcecode.c.h; path = "Rmndrs-Prefix.pch"; sourceTree = "<group>"; };
		D2CF6E7615F16EA200EC6589 /* AppDelegate.h */ = {isa = PBXFileReference; lastKnownFileType = sourcecode.c.h; path = AppDelegate.h; sourceTree = "<group>"; };
		D2CF6E7715F16EA200EC6589 /* AppDelegate.m */ = {isa = PBXFileReference; lastKnownFileType = sourcecode.c.objc; path = AppDelegate.m; sourceTree = "<group>"; };
		D2CF6E7915F16EA200EC6589 /* MasterViewController.h */ = {isa = PBXFileReference; lastKnownFileType = sourcecode.c.h; path = MasterViewController.h; sourceTree = "<group>"; };
		D2CF6E7C15F16EA200EC6589 /* DetailViewController.h */ = {isa = PBXFileReference; lastKnownFileType = sourcecode.c.h; path = DetailViewController.h; sourceTree = "<group>"; };
		D2CF6E7D15F16EA200EC6589 /* DetailViewController.m */ = {isa = PBXFileReference; lastKnownFileType = sourcecode.c.objc; path = DetailViewController.m; sourceTree = "<group>"; };
		D2CF6E8015F16EA200EC6589 /* en */ = {isa = PBXFileReference; lastKnownFileType = file.xib; name = en; path = en.lproj/MasterViewController.xib; sourceTree = "<group>"; };
		D2CF6E8315F16EA200EC6589 /* en */ = {isa = PBXFileReference; lastKnownFileType = file.xib; name = en; path = en.lproj/DetailViewController.xib; sourceTree = "<group>"; };
		D2CF6E8C15F16F4600EC6589 /* contact.png */ = {isa = PBXFileReference; lastKnownFileType = image.png; path = contact.png; sourceTree = "<group>"; };
		D2CF6E8D15F16F4600EC6589 /* settings.png */ = {isa = PBXFileReference; lastKnownFileType = image.png; path = settings.png; sourceTree = "<group>"; };
		D2CF6E9315F1828700EC6589 /* GlobalSettings.h */ = {isa = PBXFileReference; fileEncoding = 4; lastKnownFileType = sourcecode.c.h; path = GlobalSettings.h; sourceTree = "<group>"; };
		D2CF6E9415F1828700EC6589 /* GlobalSettings.m */ = {isa = PBXFileReference; fileEncoding = 4; lastKnownFileType = sourcecode.c.objc; path = GlobalSettings.m; sourceTree = "<group>"; };
		D2CF6EA615F19D5C00EC6589 /* DDBadgeViewCell.h */ = {isa = PBXFileReference; fileEncoding = 4; lastKnownFileType = sourcecode.c.h; path = DDBadgeViewCell.h; sourceTree = "<group>"; };
		D2CF6EA715F19D5C00EC6589 /* DDBadgeViewCell.m */ = {isa = PBXFileReference; fileEncoding = 4; lastKnownFileType = sourcecode.c.objc; path = DDBadgeViewCell.m; sourceTree = "<group>"; };
		D2CF6EAF15F2136900EC6589 /* Stripe.png */ = {isa = PBXFileReference; lastKnownFileType = image.png; path = Stripe.png; sourceTree = "<group>"; };
		D2CF6EC315F219FE00EC6589 /* denim_@2X.png */ = {isa = PBXFileReference; lastKnownFileType = image.png; path = "denim_@2X.png"; sourceTree = "<group>"; };
		D2CF6EC415F219FE00EC6589 /* denim.png */ = {isa = PBXFileReference; lastKnownFileType = image.png; path = denim.png; sourceTree = "<group>"; };
		D2CF6EC715F2284D00EC6589 /* MasterViewController.m */ = {isa = PBXFileReference; fileEncoding = 4; lastKnownFileType = sourcecode.c.objc; path = MasterViewController.m; sourceTree = "<group>"; };
		D2CF6ECB15F22A4600EC6589 /* user.png */ = {isa = PBXFileReference; lastKnownFileType = image.png; path = user.png; sourceTree = "<group>"; };
		D2CF6ED115F23A7000EC6589 /* SettingsViewController.h */ = {isa = PBXFileReference; fileEncoding = 4; lastKnownFileType = sourcecode.c.h; path = SettingsViewController.h; sourceTree = "<group>"; };
		D2CF6ED215F23A7000EC6589 /* SettingsViewController.m */ = {isa = PBXFileReference; fileEncoding = 4; lastKnownFileType = sourcecode.c.objc; path = SettingsViewController.m; sourceTree = "<group>"; };
		D2CF6ED315F23A7100EC6589 /* SettingsViewController.xib */ = {isa = PBXFileReference; fileEncoding = 4; lastKnownFileType = file.xib; path = SettingsViewController.xib; sourceTree = "<group>"; };
		D2CF6ED815F2B14000EC6589 /* AddressBook.framework */ = {isa = PBXFileReference; lastKnownFileType = wrapper.framework; name = AddressBook.framework; path = System/Library/Frameworks/AddressBook.framework; sourceTree = SDKROOT; };
		D2CF6ED915F2B14100EC6589 /* AddressBookUI.framework */ = {isa = PBXFileReference; lastKnownFileType = wrapper.framework; name = AddressBookUI.framework; path = System/Library/Frameworks/AddressBookUI.framework; sourceTree = SDKROOT; };
		D2CF6EDC15F35E4400EC6589 /* alarm.png */ = {isa = PBXFileReference; lastKnownFileType = image.png; name = alarm.png; path = ../../../../../Downloads/alarm.png; sourceTree = "<group>"; };
		D2CF6EDE15F35F5400EC6589 /* music.png */ = {isa = PBXFileReference; lastKnownFileType = image.png; name = music.png; path = ../../../../../Downloads/music.png; sourceTree = "<group>"; };
		D2CF6EF215F3689900EC6589 /* button_back_textured_24.png */ = {isa = PBXFileReference; lastKnownFileType = image.png; path = button_back_textured_24.png; sourceTree = "<group>"; };
		D2CF6EF315F3689900EC6589 /* button_back_textured_30.png */ = {isa = PBXFileReference; lastKnownFileType = image.png; path = button_back_textured_30.png; sourceTree = "<group>"; };
		D2CF6EF415F3689900EC6589 /* button_textured_24.png */ = {isa = PBXFileReference; lastKnownFileType = image.png; path = button_textured_24.png; sourceTree = "<group>"; };
		D2CF6EF515F3689900EC6589 /* button_textured_30.png */ = {isa = PBXFileReference; lastKnownFileType = image.png; path = button_textured_30.png; sourceTree = "<group>"; };
		D2CF6F0F15F3806700EC6589 /* Icon.png */ = {isa = PBXFileReference; lastKnownFileType = image.png; name = Icon.png; path = ../Icon.png; sourceTree = "<group>"; };
		D2CF6F1115F380C800EC6589 /* Icon@2x.png */ = {isa = PBXFileReference; lastKnownFileType = image.png; name = "Icon@2x.png"; path = "../Icon@2x.png"; sourceTree = "<group>"; };
		D2CF6F1515F3811A00EC6589 /* Default@2x.png */ = {isa = PBXFileReference; lastKnownFileType = image.png; name = "Default@2x.png"; path = "../Default@2x.png"; sourceTree = "<group>"; };
		D2CF6F1715F3819B00EC6589 /* Icon-72.png */ = {isa = PBXFileReference; lastKnownFileType = image.png; name = "Icon-72.png"; path = "../../../../App Icon [Rounded]/Icon-72.png"; sourceTree = "<group>"; };
		D2CF6F1815F3819B00EC6589 /* Icon-72@2x.png */ = {isa = PBXFileReference; lastKnownFileType = image.png; name = "Icon-72@2x.png"; path = "../../../../App Icon [Rounded]/Icon-72@2x.png"; sourceTree = "<group>"; };
		D2CF6F1915F3819C00EC6589 /* Icon-Small-50.png */ = {isa = PBXFileReference; lastKnownFileType = image.png; name = "Icon-Small-50.png"; path = "../../../../App Icon [Rounded]/Icon-Small-50.png"; sourceTree = "<group>"; };
		D2CF6F1A15F3819C00EC6589 /* Icon-Small-50@2x.png */ = {isa = PBXFileReference; lastKnownFileType = image.png; name = "Icon-Small-50@2x.png"; path = "../../../../App Icon [Rounded]/Icon-Small-50@2x.png"; sourceTree = "<group>"; };
		D2CF6F1B15F3819C00EC6589 /* Icon-Small.png */ = {isa = PBXFileReference; lastKnownFileType = image.png; name = "Icon-Small.png"; path = "../../../../App Icon [Rounded]/Icon-Small.png"; sourceTree = "<group>"; };
		D2CF6F1C15F3819C00EC6589 /* Icon-Small@2x.png */ = {isa = PBXFileReference; lastKnownFileType = image.png; name = "Icon-Small@2x.png"; path = "../../../../App Icon [Rounded]/Icon-Small@2x.png"; sourceTree = "<group>"; };
		D2CF6F1D15F3819C00EC6589 /* iTunesArtwork.png */ = {isa = PBXFileReference; lastKnownFileType = image.png; name = iTunesArtwork.png; path = "../../../../App Icon [Rounded]/iTunesArtwork.png"; sourceTree = "<group>"; };
		D2CF6F1E15F3819C00EC6589 /* iTunesArtwork@2x.png */ = {isa = PBXFileReference; lastKnownFileType = image.png; name = "iTunesArtwork@2x.png"; path = "../../../../App Icon [Rounded]/iTunesArtwork@2x.png"; sourceTree = "<group>"; };
		D2E5D632161C876900BED09E /* play-icon.png */ = {isa = PBXFileReference; lastKnownFileType = image.png; path = "play-icon.png"; sourceTree = "<group>"; };
		D2E5D633161C876900BED09E /* stop-icon.png */ = {isa = PBXFileReference; lastKnownFileType = image.png; path = "stop-icon.png"; sourceTree = "<group>"; };
		D2F2795A161396CC003DADEC /* snooze.png */ = {isa = PBXFileReference; lastKnownFileType = image.png; path = snooze.png; sourceTree = "<group>"; };
		D2F2796616187A38003DADEC /* settingDetailViewController.h */ = {isa = PBXFileReference; fileEncoding = 4; lastKnownFileType = sourcecode.c.h; path = settingDetailViewController.h; sourceTree = "<group>"; };
		D2F2796716187A38003DADEC /* settingDetailViewController.m */ = {isa = PBXFileReference; fileEncoding = 4; lastKnownFileType = sourcecode.c.objc; path = settingDetailViewController.m; sourceTree = "<group>"; };
		D2F2796816187A38003DADEC /* settingDetailViewController.xib */ = {isa = PBXFileReference; fileEncoding = 4; lastKnownFileType = file.xib; path = settingDetailViewController.xib; sourceTree = "<group>"; };
/* End PBXFileReference section */

/* Begin PBXFrameworksBuildPhase section */
		D2CF6E6015F16EA200EC6589 /* Frameworks */ = {
			isa = PBXFrameworksBuildPhase;
			buildActionMask = 2147483647;
			files = (
				D22579CB161DD1630082BEC7 /* AVFoundation.framework in Frameworks */,
				D200DB86160284D50035C4F4 /* CoreData.framework in Frameworks */,
				D2CF6EDA15F2B14100EC6589 /* AddressBook.framework in Frameworks */,
				D2CF6EDB15F2B14100EC6589 /* AddressBookUI.framework in Frameworks */,
				D2CF6E6815F16EA200EC6589 /* UIKit.framework in Frameworks */,
				D2CF6E6A15F16EA200EC6589 /* Foundation.framework in Frameworks */,
				D2CF6E6C15F16EA200EC6589 /* CoreGraphics.framework in Frameworks */,
			);
			runOnlyForDeploymentPostprocessing = 0;
		};
/* End PBXFrameworksBuildPhase section */

/* Begin PBXGroup section */
		D200DC021605E6C70035C4F4 /* Data */ = {
			isa = PBXGroup;
			children = (
				D200DBFC1605DFDA0035C4F4 /* Reminders.xcdatamodeld */,
				D2B065E91618E41900412313 /* Settings.h */,
				D2B065EA1618E41900412313 /* Settings.m */,
				D200DBFF1605E6BA0035C4F4 /* Reminders.h */,
				D200DC001605E6BA0035C4F4 /* Reminders.m */,
			);
			name = Data;
			sourceTree = "<group>";
		};
		D28D9766161C7D3600B1BC8F /* Tones */ = {
			isa = PBXGroup;
			children = (
				D28D9767161C7D4B00B1BC8F /* flo_rida-blow_my_whistle.m4r */,
				D28D9768161C7D4B00B1BC8F /* Maroon_5-Payphone.m4r */,
				D28D9769161C7D4B00B1BC8F /* psy-gangnam_style.m4r */,
			);
			name = Tones;
			sourceTree = "<group>";
		};
		D2A6BF3A16025CD500B586B9 /* badgeview */ = {
			isa = PBXGroup;
			children = (
				D2CF6EA615F19D5C00EC6589 /* DDBadgeViewCell.h */,
				D2CF6EA715F19D5C00EC6589 /* DDBadgeViewCell.m */,
			);
			name = badgeview;
			sourceTree = "<group>";
		};
		D2CF6E5815F16EA200EC6589 = {
			isa = PBXGroup;
			children = (
				D22579CA161DD1630082BEC7 /* AVFoundation.framework */,
				D2F2796616187A38003DADEC /* settingDetailViewController.h */,
				D2F2796716187A38003DADEC /* settingDetailViewController.m */,
				D2F2796816187A38003DADEC /* settingDetailViewController.xib */,
				D2CF6E6D15F16EA200EC6589 /* Rmndrs */,
				D2CF6E6615F16EA200EC6589 /* Frameworks */,
				D2CF6E6415F16EA200EC6589 /* Products */,
			);
			sourceTree = "<group>";
		};
		D2CF6E6415F16EA200EC6589 /* Products */ = {
			isa = PBXGroup;
			children = (
				D2CF6E6315F16EA200EC6589 /* Rmndrs.app */,
			);
			name = Products;
			sourceTree = "<group>";
		};
		D2CF6E6615F16EA200EC6589 /* Frameworks */ = {
			isa = PBXGroup;
			children = (
				D200DB85160284D50035C4F4 /* CoreData.framework */,
				D2CF6ED815F2B14000EC6589 /* AddressBook.framework */,
				D2CF6ED915F2B14100EC6589 /* AddressBookUI.framework */,
				D2A6BF311601FCF200B586B9 /* libsqlite3.dylib */,
				D2CF6E6715F16EA200EC6589 /* UIKit.framework */,
				D2CF6E6915F16EA200EC6589 /* Foundation.framework */,
				D2CF6E6B15F16EA200EC6589 /* CoreGraphics.framework */,
			);
			name = Frameworks;
			sourceTree = "<group>";
		};
		D2CF6E6D15F16EA200EC6589 /* Rmndrs */ = {
			isa = PBXGroup;
			children = (
				D2CF6E7615F16EA200EC6589 /* AppDelegate.h */,
				D2CF6E7715F16EA200EC6589 /* AppDelegate.m */,
				D2CF6E7915F16EA200EC6589 /* MasterViewController.h */,
				D2CF6EC715F2284D00EC6589 /* MasterViewController.m */,
				D2CF6E7F15F16EA200EC6589 /* MasterViewController.xib */,
				D2CF6ED115F23A7000EC6589 /* SettingsViewController.h */,
				D2CF6ED215F23A7000EC6589 /* SettingsViewController.m */,
				D2CF6ED315F23A7100EC6589 /* SettingsViewController.xib */,
				D2CF6E9315F1828700EC6589 /* GlobalSettings.h */,
				D2CF6E9415F1828700EC6589 /* GlobalSettings.m */,
				D2CF6E7C15F16EA200EC6589 /* DetailViewController.h */,
				D2CF6E7D15F16EA200EC6589 /* DetailViewController.m */,
				D2CF6E8215F16EA200EC6589 /* DetailViewController.xib */,
				D2CF6E6E15F16EA200EC6589 /* Supporting Files */,
			);
			path = Rmndrs;
			sourceTree = "<group>";
		};
		D2CF6E6E15F16EA200EC6589 /* Supporting Files */ = {
			isa = PBXGroup;
			children = (
				D28D9766161C7D3600B1BC8F /* Tones */,
				D200DC021605E6C70035C4F4 /* Data */,
				D2A6BF3A16025CD500B586B9 /* badgeview */,
				D2CF6EFA15F37FF500EC6589 /* icons */,
				D2CF6E9215F16F4A00EC6589 /* Images */,
				D2CF6E6F15F16EA200EC6589 /* Rmndrs-Info.plist */,
				D2CF6E7015F16EA200EC6589 /* InfoPlist.strings */,
				D2CF6E7315F16EA200EC6589 /* main.m */,
				D2CF6E7515F16EA200EC6589 /* Rmndrs-Prefix.pch */,
			);
			name = "Supporting Files";
			sourceTree = "<group>";
		};
		D2CF6E9215F16F4A00EC6589 /* Images */ = {
			isa = PBXGroup;
			children = (
				D2E5D632161C876900BED09E /* play-icon.png */,
				D2E5D633161C876900BED09E /* stop-icon.png */,
				D2F2795A161396CC003DADEC /* snooze.png */,
				D2CF6F1515F3811A00EC6589 /* Default@2x.png */,
				D21D13AE15F9441400549CB4 /* grey_button.png */,
				D21D13AC15F943A900549CB4 /* delete_icon.png */,
				D21D13A815F9428800549CB4 /* red_button.png */,
				D2C36BD215F5331300A91EC4 /* clock_user.png */,
				D2C36BCE15F530F600A91EC4 /* frequency.png */,
				D2CF6EF215F3689900EC6589 /* button_back_textured_24.png */,
				D2CF6EF315F3689900EC6589 /* button_back_textured_30.png */,
				D2CF6EF415F3689900EC6589 /* button_textured_24.png */,
				D2CF6EF515F3689900EC6589 /* button_textured_30.png */,
				D2CF6EDE15F35F5400EC6589 /* music.png */,
				D2CF6EDC15F35E4400EC6589 /* alarm.png */,
				D2CF6ECB15F22A4600EC6589 /* user.png */,
				D2CF6EC315F219FE00EC6589 /* denim_@2X.png */,
				D2CF6EC415F219FE00EC6589 /* denim.png */,
				D2CF6EAF15F2136900EC6589 /* Stripe.png */,
				D2CF6E8C15F16F4600EC6589 /* contact.png */,
				D2CF6E8D15F16F4600EC6589 /* settings.png */,
			);
			name = Images;
			sourceTree = "<group>";
		};
		D2CF6EFA15F37FF500EC6589 /* icons */ = {
			isa = PBXGroup;
			children = (
				D2C36B8A15F3DC8900A91EC4 /* Default@2x.png */,
				D2C36B8715F3DAEB00A91EC4 /* Default.png */,
				D2CF6F1715F3819B00EC6589 /* Icon-72.png */,
				D2CF6F1815F3819B00EC6589 /* Icon-72@2x.png */,
				D2CF6F1915F3819C00EC6589 /* Icon-Small-50.png */,
				D2CF6F1A15F3819C00EC6589 /* Icon-Small-50@2x.png */,
				D2CF6F1B15F3819C00EC6589 /* Icon-Small.png */,
				D2CF6F1C15F3819C00EC6589 /* Icon-Small@2x.png */,
				D2CF6F1D15F3819C00EC6589 /* iTunesArtwork.png */,
				D2CF6F1E15F3819C00EC6589 /* iTunesArtwork@2x.png */,
				D2CF6F1115F380C800EC6589 /* Icon@2x.png */,
				D2CF6F0F15F3806700EC6589 /* Icon.png */,
			);
			name = icons;
			sourceTree = "<group>";
		};
/* End PBXGroup section */

/* Begin PBXNativeTarget section */
		D2CF6E6215F16EA200EC6589 /* Rmndrs */ = {
			isa = PBXNativeTarget;
			buildConfigurationList = D2CF6E8715F16EA200EC6589 /* Build configuration list for PBXNativeTarget "Rmndrs" */;
			buildPhases = (
				D2CF6E5F15F16EA200EC6589 /* Sources */,
				D2CF6E6015F16EA200EC6589 /* Frameworks */,
				D2CF6E6115F16EA200EC6589 /* Resources */,
			);
			buildRules = (
			);
			dependencies = (
			);
			name = Rmndrs;
			productName = Rmndrs;
			productReference = D2CF6E6315F16EA200EC6589 /* Rmndrs.app */;
			productType = "com.apple.product-type.application";
		};
/* End PBXNativeTarget section */

/* Begin PBXProject section */
		D2CF6E5A15F16EA200EC6589 /* Project object */ = {
			isa = PBXProject;
			attributes = {
				LastUpgradeCheck = 0420;
				ORGANIZATIONNAME = Personal;
			};
			buildConfigurationList = D2CF6E5D15F16EA200EC6589 /* Build configuration list for PBXProject "Rmndrs" */;
			compatibilityVersion = "Xcode 3.2";
			developmentRegion = English;
			hasScannedForEncodings = 0;
			knownRegions = (
				en,
			);
			mainGroup = D2CF6E5815F16EA200EC6589;
			productRefGroup = D2CF6E6415F16EA200EC6589 /* Products */;
			projectDirPath = "";
			projectRoot = "";
			targets = (
				D2CF6E6215F16EA200EC6589 /* Rmndrs */,
			);
		};
/* End PBXProject section */

/* Begin PBXResourcesBuildPhase section */
		D2CF6E6115F16EA200EC6589 /* Resources */ = {
			isa = PBXResourcesBuildPhase;
			buildActionMask = 2147483647;
			files = (
				D2CF6E7215F16EA200EC6589 /* InfoPlist.strings in Resources */,
				D2CF6E8115F16EA200EC6589 /* MasterViewController.xib in Resources */,
				D2CF6E8415F16EA200EC6589 /* DetailViewController.xib in Resources */,
				D2CF6E9015F16F4600EC6589 /* contact.png in Resources */,
				D2CF6E9115F16F4600EC6589 /* settings.png in Resources */,
				D2CF6EB015F2136900EC6589 /* Stripe.png in Resources */,
				D2CF6EC515F219FE00EC6589 /* denim_@2X.png in Resources */,
				D2CF6EC615F219FE00EC6589 /* denim.png in Resources */,
				D2CF6ECC15F22A4600EC6589 /* user.png in Resources */,
				D2CF6ED515F23A7100EC6589 /* SettingsViewController.xib in Resources */,
				D2CF6EDD15F35E4400EC6589 /* alarm.png in Resources */,
				D2CF6EDF15F35F5400EC6589 /* music.png in Resources */,
				D2CF6EF615F3689900EC6589 /* button_back_textured_24.png in Resources */,
				D2CF6EF715F3689900EC6589 /* button_back_textured_30.png in Resources */,
				D2CF6EF815F3689900EC6589 /* button_textured_24.png in Resources */,
				D2CF6EF915F3689900EC6589 /* button_textured_30.png in Resources */,
				D2CF6F1015F3806800EC6589 /* Icon.png in Resources */,
				D2CF6F1215F380C800EC6589 /* Icon@2x.png in Resources */,
				D2CF6F1F15F3819C00EC6589 /* Icon-72.png in Resources */,
				D2CF6F2015F3819C00EC6589 /* Icon-72@2x.png in Resources */,
				D2CF6F2115F3819C00EC6589 /* Icon-Small-50.png in Resources */,
				D2CF6F2215F3819C00EC6589 /* Icon-Small-50@2x.png in Resources */,
				D2CF6F2315F3819C00EC6589 /* Icon-Small.png in Resources */,
				D2CF6F2415F3819C00EC6589 /* Icon-Small@2x.png in Resources */,
				D2CF6F2515F3819C00EC6589 /* iTunesArtwork.png in Resources */,
				D2CF6F2615F3819C00EC6589 /* iTunesArtwork@2x.png in Resources */,
				D2C36B8815F3DAEB00A91EC4 /* Default.png in Resources */,
				D2C36B8B15F3DC8900A91EC4 /* Default@2x.png in Resources */,
				D2C36BCF15F530F600A91EC4 /* frequency.png in Resources */,
				D2C36BD315F5331300A91EC4 /* clock_user.png in Resources */,
				D21D13A915F9428800549CB4 /* red_button.png in Resources */,
				D21D13AD15F943A900549CB4 /* delete_icon.png in Resources */,
				D21D13AF15F9441400549CB4 /* grey_button.png in Resources */,
				D2F2795B161396CC003DADEC /* snooze.png in Resources */,
				D2F2796A16187A38003DADEC /* settingDetailViewController.xib in Resources */,
				D28D976A161C7D4B00B1BC8F /* flo_rida-blow_my_whistle.m4r in Resources */,
				D28D976B161C7D4B00B1BC8F /* Maroon_5-Payphone.m4r in Resources */,
				D28D976C161C7D4B00B1BC8F /* psy-gangnam_style.m4r in Resources */,
				D2E5D634161C876900BED09E /* play-icon.png in Resources */,
				D2E5D635161C876900BED09E /* stop-icon.png in Resources */,
			);
			runOnlyForDeploymentPostprocessing = 0;
		};
/* End PBXResourcesBuildPhase section */

/* Begin PBXSourcesBuildPhase section */
		D2CF6E5F15F16EA200EC6589 /* Sources */ = {
			isa = PBXSourcesBuildPhase;
			buildActionMask = 2147483647;
			files = (
				D2CF6E7415F16EA200EC6589 /* main.m in Sources */,
				D2CF6E7815F16EA200EC6589 /* AppDelegate.m in Sources */,
				D2CF6E7E15F16EA200EC6589 /* DetailViewController.m in Sources */,
				D2CF6E9515F1828700EC6589 /* GlobalSettings.m in Sources */,
				D2CF6EA815F19D5C00EC6589 /* DDBadgeViewCell.m in Sources */,
				D2CF6EC815F2284D00EC6589 /* MasterViewController.m in Sources */,
				D2CF6ED415F23A7100EC6589 /* SettingsViewController.m in Sources */,
				D200DBFE1605DFDA0035C4F4 /* Reminders.xcdatamodeld in Sources */,
				D200DC011605E6BA0035C4F4 /* Reminders.m in Sources */,
				D2F2796916187A38003DADEC /* settingDetailViewController.m in Sources */,
				D2B065EB1618E41900412313 /* Settings.m in Sources */,
			);
			runOnlyForDeploymentPostprocessing = 0;
		};
/* End PBXSourcesBuildPhase section */

/* Begin PBXVariantGroup section */
		D2CF6E7015F16EA200EC6589 /* InfoPlist.strings */ = {
			isa = PBXVariantGroup;
			children = (
				D2CF6E7115F16EA200EC6589 /* en */,
			);
			name = InfoPlist.strings;
			sourceTree = "<group>";
		};
		D2CF6E7F15F16EA200EC6589 /* MasterViewController.xib */ = {
			isa = PBXVariantGroup;
			children = (
				D2CF6E8015F16EA200EC6589 /* en */,
			);
			name = MasterViewController.xib;
			sourceTree = "<group>";
		};
		D2CF6E8215F16EA200EC6589 /* DetailViewController.xib */ = {
			isa = PBXVariantGroup;
			children = (
				D2CF6E8315F16EA200EC6589 /* en */,
			);
			name = DetailViewController.xib;
			sourceTree = "<group>";
		};
/* End PBXVariantGroup section */

/* Begin XCBuildConfiguration section */
		D2CF6E8515F16EA200EC6589 /* Debug */ = {
			isa = XCBuildConfiguration;
			buildSettings = {
				ALWAYS_SEARCH_USER_PATHS = NO;
				ARCHS = "$(ARCHS_STANDARD_32_BIT)";
				"CODE_SIGN_IDENTITY[sdk=iphoneos*]" = "iPhone Developer";
				COPY_PHASE_STRIP = NO;
				GCC_C_LANGUAGE_STANDARD = gnu99;
				GCC_DYNAMIC_NO_PIC = NO;
				GCC_OPTIMIZATION_LEVEL = 0;
				GCC_PREPROCESSOR_DEFINITIONS = (
					"DEBUG=1",
					"$(inherited)",
				);
				GCC_SYMBOLS_PRIVATE_EXTERN = NO;
				GCC_VERSION = com.apple.compilers.llvm.clang.1_0;
				GCC_WARN_ABOUT_MISSING_PROTOTYPES = YES;
				GCC_WARN_ABOUT_RETURN_TYPE = YES;
				GCC_WARN_UNUSED_VARIABLE = YES;
				IPHONEOS_DEPLOYMENT_TARGET = 5.0;
				SDKROOT = iphoneos;
			};
			name = Debug;
		};
		D2CF6E8615F16EA200EC6589 /* Release */ = {
			isa = XCBuildConfiguration;
			buildSettings = {
				ALWAYS_SEARCH_USER_PATHS = NO;
				ARCHS = "$(ARCHS_STANDARD_32_BIT)";
				"CODE_SIGN_IDENTITY[sdk=iphoneos*]" = "iPhone Developer";
				COPY_PHASE_STRIP = YES;
				GCC_C_LANGUAGE_STANDARD = gnu99;
				GCC_VERSION = com.apple.compilers.llvm.clang.1_0;
				GCC_WARN_ABOUT_MISSING_PROTOTYPES = YES;
				GCC_WARN_ABOUT_RETURN_TYPE = YES;
				GCC_WARN_UNUSED_VARIABLE = YES;
				IPHONEOS_DEPLOYMENT_TARGET = 5.0;
				OTHER_CFLAGS = "-DNS_BLOCK_ASSERTIONS=1";
				SDKROOT = iphoneos;
				VALIDATE_PRODUCT = YES;
			};
			name = Release;
		};
		D2CF6E8815F16EA200EC6589 /* Debug */ = {
			isa = XCBuildConfiguration;
			buildSettings = {
				CLANG_ENABLE_OBJC_ARC = YES;
				CLANG_WARN_OBJCPP_ARC_ABI = YES;
				GCC_PRECOMPILE_PREFIX_HEADER = YES;
				GCC_PREFIX_HEADER = "Rmndrs/Rmndrs-Prefix.pch";
				INFOPLIST_FILE = "Rmndrs/Rmndrs-Info.plist";
				PRODUCT_NAME = "$(TARGET_NAME)";
				WRAPPER_EXTENSION = app;
			};
			name = Debug;
		};
		D2CF6E8915F16EA200EC6589 /* Release */ = {
			isa = XCBuildConfiguration;
			buildSettings = {
				CLANG_ENABLE_OBJC_ARC = YES;
				CLANG_WARN_OBJCPP_ARC_ABI = YES;
				GCC_PRECOMPILE_PREFIX_HEADER = YES;
				GCC_PREFIX_HEADER = "Rmndrs/Rmndrs-Prefix.pch";
				INFOPLIST_FILE = "Rmndrs/Rmndrs-Info.plist";
				PRODUCT_NAME = "$(TARGET_NAME)";
				WRAPPER_EXTENSION = app;
			};
			name = Release;
		};
/* End XCBuildConfiguration section */

/* Begin XCConfigurationList section */
		D2CF6E5D15F16EA200EC6589 /* Build configuration list for PBXProject "Rmndrs" */ = {
			isa = XCConfigurationList;
			buildConfigurations = (
				D2CF6E8515F16EA200EC6589 /* Debug */,
				D2CF6E8615F16EA200EC6589 /* Release */,
			);
			defaultConfigurationIsVisible = 0;
			defaultConfigurationName = Release;
		};
		D2CF6E8715F16EA200EC6589 /* Build configuration list for PBXNativeTarget "Rmndrs" */ = {
			isa = XCConfigurationList;
			buildConfigurations = (
				D2CF6E8815F16EA200EC6589 /* Debug */,
				D2CF6E8915F16EA200EC6589 /* Release */,
			);
			defaultConfigurationIsVisible = 0;
			defaultConfigurationName = Release;
		};
/* End XCConfigurationList section */

/* Begin XCVersionGroup section */
		D200DBFC1605DFDA0035C4F4 /* Reminders.xcdatamodeld */ = {
			isa = XCVersionGroup;
			children = (
				D200DBFD1605DFDA0035C4F4 /* Reminders.xcdatamodel */,
			);
			currentVersion = D200DBFD1605DFDA0035C4F4 /* Reminders.xcdatamodel */;
			name = Reminders.xcdatamodeld;
			path = ../Reminders.xcdatamodeld;
			sourceTree = "<group>";
			versionGroupType = wrapper.xcdatamodel;
		};
/* End XCVersionGroup section */
	};
	rootObject = D2CF6E5A15F16EA200EC6589 /* Project object */;
}
